
Microsoft Visual Studio Solution File, Format Version 12.00
# Visual Studio 15
VisualStudioVersion = 15.0.28307.271
MinimumVisualStudioVersion = 10.0.40219.1
Project("{FAE04EC0-301F-11D3-BF4B-00C04F79EFBC}") = "SharedAssemblyEx", "SharedAssemblyEx\SharedAssemblyEx.csproj", "{12F042A5-19D3-435F-AA2D-A8051ACA0C70}"
EndProject
Project("{FAE04EC0-301F-11D3-BF4B-00C04F79EFBC}") = "ClientforSharedAssembly", "ClientforSharedAssembly\ClientforSharedAssembly.csproj", "{6407A3F3-2D1A-48F5-8C2E-4F4F41976C82}"
EndProject
Global
	GlobalSection(SolutionConfigurationPlatforms) = preSolution
		Debug|Any CPU = Debug|Any CPU
		Release|Any CPU = Release|Any CPU
	EndGlobalSection
	GlobalSection(ProjectConfigurationPlatforms) = postSolution
		{12F042A5-19D3-435F-AA2D-A8051ACA0C70}.Debug|Any CPU.ActiveCfg = Debug|Any CPU
		{12F042A5-19D3-435F-AA2D-A8051ACA0C70}.Debug|Any CPU.Build.0 = Debug|Any CPU
		{12F042A5-19D3-435F-AA2D-A8051ACA0C70}.Release|Any CPU.ActiveCfg = Release|Any CPU
		{12F042A5-19D3-435F-AA2D-A8051ACA0C70}.Release|Any CPU.Build.0 = Release|Any CPU
		{6407A3F3-2D1A-48F5-8C2E-4F4F41976C82}.Debug|Any CPU.ActiveCfg = Debug|Any CPU
		{6407A3F3-2D1A-48F5-8C2E-4F4F41976C82}.Debug|Any CPU.Build.0 = Debug|Any CPU
		{6407A3F3-2D1A-48F5-8C2E-4F4F41976C82}.Release|Any CPU.ActiveCfg = Release|Any CPU
		{6407A3F3-2D1A-48F5-8C2E-4F4F41976C82}.Release|Any CPU.Build.0 = Release|Any CPU
	EndGlobalSection
	GlobalSection(SolutionProperties) = preSolution
		HideSolutionNode = FALSE
	EndGlobalSection
	GlobalSection(ExtensibilityGlobals) = postSolution
		SolutionGuid = {5E281133-5959-4F99-8B64-D3DE5A3059D8}
	EndGlobalSection
EndGlobal
